
Microsoft Visual Studio Solution File, Format Version 12.00
# Visual Studio Version 18
VisualStudioVersion = 18.6.11819.183 stable
MinimumVisualStudioVersion = 10.0.40219.1
Project("{FAE04EC0-301F-11D3-BF4B-00C04F79EFBC}") = "G923LedPlugin", "G923LedPlugin.csproj", "{5E0E219E-5B24-4C90-9553-C0E7B82F5513}"
EndProject
Global
	GlobalSection(SolutionConfigurationPlatforms) = preSolution
		Debug|Any CPU = Debug|Any CPU
		Release|Any CPU = Release|Any CPU
	EndGlobalSection
	GlobalSection(ProjectConfigurationPlatforms) = postSolution
		{5E0E219E-5B24-4C90-9553-C0E7B82F5513}.Debug|Any CPU.ActiveCfg = Debug|Any CPU
		{5E0E219E-5B24-4C90-9553-C0E7B82F5513}.Debug|Any CPU.Build.0 = Debug|Any CPU
		{5E0E219E-5B24-4C90-9553-C0E7B82F5513}.Release|Any CPU.ActiveCfg = Release|Any CPU
		{5E0E219E-5B24-4C90-9553-C0E7B82F5513}.Release|Any CPU.Build.0 = Release|Any CPU
	EndGlobalSection
	GlobalSection(SolutionProperties) = preSolution
		HideSolutionNode = FALSE
	EndGlobalSection
	GlobalSection(ExtensibilityGlobals) = postSolution
		SolutionGuid = {90F27806-C876-4A28-95BF-7A66309208BF}
	EndGlobalSection
EndGlobal
